// !$*UTF8*$!
{
	archiveVersion = 1;
	classes = {
	};
	objectVersion = 56;
	objects = {

/* Begin PBXBuildFile section */
		D306F5D82ACBA165009EF5AB /* LetsCodeApp.swift in Sources */ = {isa = PBXBuildFile; fileRef = D306F5D72ACBA165009EF5AB /* LetsCodeApp.swift */; };
		D306F5DC2ACBA167009EF5AB /* Assets.xcassets in Resources */ = {isa = PBXBuildFile; fileRef = D306F5DB2ACBA167009EF5AB /* Assets.xcassets */; };
		D306F5DF2ACBA167009EF5AB /* Preview Assets.xcassets in Resources */ = {isa = PBXBuildFile; fileRef = D306F5DE2ACBA167009EF5AB /* Preview Assets.xcassets */; };
		D30FFC6D2AD0A271002E764D /* HomeViewRow.swift in Sources */ = {isa = PBXBuildFile; fileRef = D30FFC6C2AD0A271002E764D /* HomeViewRow.swift */; };
		D32DA7442AD9F19100AE5976 /* TestView.swift in Sources */ = {isa = PBXBuildFile; fileRef = D32DA7432AD9F19100AE5976 /* TestView.swift */; };
		D32DA7462AE05EEA00AE5976 /* TestResultView.swift in Sources */ = {isa = PBXBuildFile; fileRef = D32DA7452AE05EEA00AE5976 /* TestResultView.swift */; };
		D3449A302AED782F00FA15F4 /* LoginView.swift in Sources */ = {isa = PBXBuildFile; fileRef = D3449A2F2AED782F00FA15F4 /* LoginView.swift */; };
		D3449A322AED785B00FA15F4 /* ProfileView.swift in Sources */ = {isa = PBXBuildFile; fileRef = D3449A312AED785B00FA15F4 /* ProfileView.swift */; };
		D3449A342AED787300FA15F4 /* LaunchView.swift in Sources */ = {isa = PBXBuildFile; fileRef = D3449A332AED787300FA15F4 /* LaunchView.swift */; };
		D3449A362AF167DC00FA15F4 /* User.swift in Sources */ = {isa = PBXBuildFile; fileRef = D3449A352AF167DC00FA15F4 /* User.swift */; };
		D3449A382AF168A500FA15F4 /* UserService.swift in Sources */ = {isa = PBXBuildFile; fileRef = D3449A372AF168A500FA15F4 /* UserService.swift */; };
		D34D7CA62AE876B4006F6E7A /* GoogleService-Info.plist in Resources */ = {isa = PBXBuildFile; fileRef = D34D7CA52AE876B4006F6E7A /* GoogleService-Info.plist */; };
		D34D7CA92AE87836006F6E7A /* FirebaseAuth in Frameworks */ = {isa = PBXBuildFile; productRef = D34D7CA82AE87836006F6E7A /* FirebaseAuth */; };
		D34D7CAB2AE87836006F6E7A /* FirebaseFirestore in Frameworks */ = {isa = PBXBuildFile; productRef = D34D7CAA2AE87836006F6E7A /* FirebaseFirestore */; };
		D377E89E2AFD436F00CCC127 /* HomeView.swift in Sources */ = {isa = PBXBuildFile; fileRef = D377E89D2AFD436F00CCC127 /* HomeView.swift */; };
		D377E8A02AFD9EA600CCC127 /* ResumeCard.swift in Sources */ = {isa = PBXBuildFile; fileRef = D377E89F2AFD9EA600CCC127 /* ResumeCard.swift */; };
		D377E8A32AFEEC7700CCC127 /* AwardsGalleryView.swift in Sources */ = {isa = PBXBuildFile; fileRef = D377E8A22AFEEC7700CCC127 /* AwardsGalleryView.swift */; };
		D377E8A52AFEED4F00CCC127 /* Award.swift in Sources */ = {isa = PBXBuildFile; fileRef = D377E8A42AFEED4F00CCC127 /* Award.swift */; };
		D377E8A72AFEEDCF00CCC127 /* AwardsGallerySubview.swift in Sources */ = {isa = PBXBuildFile; fileRef = D377E8A62AFEEDCF00CCC127 /* AwardsGallerySubview.swift */; };
		D377E8A92AFEEE2800CCC127 /* AwardView.swift in Sources */ = {isa = PBXBuildFile; fileRef = D377E8A82AFEEE2800CCC127 /* AwardView.swift */; };
		D39021672ACE181A00C71494 /* ContentModel.swift in Sources */ = {isa = PBXBuildFile; fileRef = D39021662ACE181A00C71494 /* ContentModel.swift */; };
		D390216B2ACE202400C71494 /* Module.swift in Sources */ = {isa = PBXBuildFile; fileRef = D390216A2ACE202400C71494 /* Module.swift */; };
		D390216D2ACE208D00C71494 /* Content.swift in Sources */ = {isa = PBXBuildFile; fileRef = D390216C2ACE208D00C71494 /* Content.swift */; };
		D390216F2ACE209B00C71494 /* Lesson.swift in Sources */ = {isa = PBXBuildFile; fileRef = D390216E2ACE209B00C71494 /* Lesson.swift */; };
		D39021712ACE20AB00C71494 /* Test.swift in Sources */ = {isa = PBXBuildFile; fileRef = D39021702ACE20AB00C71494 /* Test.swift */; };
		D39021732ACE20BF00C71494 /* Question.swift in Sources */ = {isa = PBXBuildFile; fileRef = D39021722ACE20BF00C71494 /* Question.swift */; };
		D39021752ACE269400C71494 /* data.json in Resources */ = {isa = PBXBuildFile; fileRef = D39021742ACE269400C71494 /* data.json */; };
		D3AB56F32AD1BE8A00FA2DDF /* ContentView.swift in Sources */ = {isa = PBXBuildFile; fileRef = D3AB56F22AD1BE8A00FA2DDF /* ContentView.swift */; };
		D3AB56F52AD1CB1100FA2DDF /* ContentViewRow.swift in Sources */ = {isa = PBXBuildFile; fileRef = D3AB56F42AD1CB1100FA2DDF /* ContentViewRow.swift */; };
		D3ABB4F32AF57911006E0AF9 /* ResumeView.swift in Sources */ = {isa = PBXBuildFile; fileRef = D3ABB4F22AF57911006E0AF9 /* ResumeView.swift */; };
		D3ABB4F52AF9472A006E0AF9 /* PlayerViewController.swift in Sources */ = {isa = PBXBuildFile; fileRef = D3ABB4F42AF9472A006E0AF9 /* PlayerViewController.swift */; };
		D3E444782AD5BA1D001643A6 /* ContentDetailView.swift in Sources */ = {isa = PBXBuildFile; fileRef = D3E444772AD5BA1D001643A6 /* ContentDetailView.swift */; };
		D3E4447B2AD5C0E6001643A6 /* AVKit.framework in Frameworks */ = {isa = PBXBuildFile; fileRef = D3E4447A2AD5C0E6001643A6 /* AVKit.framework */; };
		D3E4447D2AD5C21B001643A6 /* Constants.swift in Sources */ = {isa = PBXBuildFile; fileRef = D3E4447C2AD5C21B001643A6 /* Constants.swift */; };
		D3E4447F2AD7663E001643A6 /* CodeTextView.swift in Sources */ = {isa = PBXBuildFile; fileRef = D3E4447E2AD7663E001643A6 /* CodeTextView.swift */; };
		D3E444822AD76B4F001643A6 /* style.html in Resources */ = {isa = PBXBuildFile; fileRef = D3E444812AD76B4F001643A6 /* style.html */; };
		D3E444842AD8BC91001643A6 /* RectangleCard.swift in Sources */ = {isa = PBXBuildFile; fileRef = D3E444832AD8BC91001643A6 /* RectangleCard.swift */; };
/* End PBXBuildFile section */

/* Begin PBXFileReference section */
		D306F5D42ACBA165009EF5AB /* LetsCode.app */ = {isa = PBXFileReference; explicitFileType = wrapper.application; includeInIndex = 0; path = LetsCode.app; sourceTree = BUILT_PRODUCTS_DIR; };
		D306F5D72ACBA165009EF5AB /* LetsCodeApp.swift */ = {isa = PBXFileReference; lastKnownFileType = sourcecode.swift; path = LetsCodeApp.swift; sourceTree = "<group>"; };
		D306F5DB2ACBA167009EF5AB /* Assets.xcassets */ = {isa = PBXFileReference; lastKnownFileType = folder.assetcatalog; path = Assets.xcassets; sourceTree = "<group>"; };
		D306F5DE2ACBA167009EF5AB /* Preview Assets.xcassets */ = {isa = PBXFileReference; lastKnownFileType = folder.assetcatalog; path = "Preview Assets.xcassets"; sourceTree = "<group>"; };
		D30FFC6C2AD0A271002E764D /* HomeViewRow.swift */ = {isa = PBXFileReference; lastKnownFileType = sourcecode.swift; path = HomeViewRow.swift; sourceTree = "<group>"; };
		D32DA7432AD9F19100AE5976 /* TestView.swift */ = {isa = PBXFileReference; lastKnownFileType = sourcecode.swift; path = TestView.swift; sourceTree = "<group>"; };
		D32DA7452AE05EEA00AE5976 /* TestResultView.swift */ = {isa = PBXFileReference; lastKnownFileType = sourcecode.swift; path = TestResultView.swift; sourceTree = "<group>"; };
		D3449A2F2AED782F00FA15F4 /* LoginView.swift */ = {isa = PBXFileReference; lastKnownFileType = sourcecode.swift; path = LoginView.swift; sourceTree = "<group>"; };
		D3449A312AED785B00FA15F4 /* ProfileView.swift */ = {isa = PBXFileReference; lastKnownFileType = sourcecode.swift; path = ProfileView.swift; sourceTree = "<group>"; };
		D3449A332AED787300FA15F4 /* LaunchView.swift */ = {isa = PBXFileReference; lastKnownFileType = sourcecode.swift; path = LaunchView.swift; sourceTree = "<group>"; };
		D3449A352AF167DC00FA15F4 /* User.swift */ = {isa = PBXFileReference; lastKnownFileType = sourcecode.swift; path = User.swift; sourceTree = "<group>"; };
		D3449A372AF168A500FA15F4 /* UserService.swift */ = {isa = PBXFileReference; lastKnownFileType = sourcecode.swift; path = UserService.swift; sourceTree = "<group>"; };
		D34D7CA52AE876B4006F6E7A /* GoogleService-Info.plist */ = {isa = PBXFileReference; fileEncoding = 4; lastKnownFileType = text.plist.xml; path = "GoogleService-Info.plist"; sourceTree = "<group>"; };
		D377E89D2AFD436F00CCC127 /* HomeView.swift */ = {isa = PBXFileReference; lastKnownFileType = sourcecode.swift; path = HomeView.swift; sourceTree = "<group>"; };
		D377E89F2AFD9EA600CCC127 /* ResumeCard.swift */ = {isa = PBXFileReference; lastKnownFileType = sourcecode.swift; path = ResumeCard.swift; sourceTree = "<group>"; };
		D377E8A22AFEEC7700CCC127 /* AwardsGalleryView.swift */ = {isa = PBXFileReference; lastKnownFileType = sourcecode.swift; path = AwardsGalleryView.swift; sourceTree = "<group>"; };
		D377E8A42AFEED4F00CCC127 /* Award.swift */ = {isa = PBXFileReference; lastKnownFileType = sourcecode.swift; path = Award.swift; sourceTree = "<group>"; };
		D377E8A62AFEEDCF00CCC127 /* AwardsGallerySubview.swift */ = {isa = PBXFileReference; lastKnownFileType = sourcecode.swift; path = AwardsGallerySubview.swift; sourceTree = "<group>"; };
		D377E8A82AFEEE2800CCC127 /* AwardView.swift */ = {isa = PBXFileReference; lastKnownFileType = sourcecode.swift; path = AwardView.swift; sourceTree = "<group>"; };
		D39021662ACE181A00C71494 /* ContentModel.swift */ = {isa = PBXFileReference; lastKnownFileType = sourcecode.swift; path = ContentModel.swift; sourceTree = "<group>"; };
		D390216A2ACE202400C71494 /* Module.swift */ = {isa = PBXFileReference; lastKnownFileType = sourcecode.swift; path = Module.swift; sourceTree = "<group>"; };
		D390216C2ACE208D00C71494 /* Content.swift */ = {isa = PBXFileReference; lastKnownFileType = sourcecode.swift; path = Content.swift; sourceTree = "<group>"; };
		D390216E2ACE209B00C71494 /* Lesson.swift */ = {isa = PBXFileReference; lastKnownFileType = sourcecode.swift; path = Lesson.swift; sourceTree = "<group>"; };
		D39021702ACE20AB00C71494 /* Test.swift */ = {isa = PBXFileReference; lastKnownFileType = sourcecode.swift; path = Test.swift; sourceTree = "<group>"; };
		D39021722ACE20BF00C71494 /* Question.swift */ = {isa = PBXFileReference; lastKnownFileType = sourcecode.swift; path = Question.swift; sourceTree = "<group>"; };
		D39021742ACE269400C71494 /* data.json */ = {isa = PBXFileReference; fileEncoding = 4; lastKnownFileType = text.json; path = data.json; sourceTree = "<group>"; };
		D3AB56F22AD1BE8A00FA2DDF /* ContentView.swift */ = {isa = PBXFileReference; lastKnownFileType = sourcecode.swift; path = ContentView.swift; sourceTree = "<group>"; };
		D3AB56F42AD1CB1100FA2DDF /* ContentViewRow.swift */ = {isa = PBXFileReference; lastKnownFileType = sourcecode.swift; path = ContentViewRow.swift; sourceTree = "<group>"; };
		D3ABB4F22AF57911006E0AF9 /* ResumeView.swift */ = {isa = PBXFileReference; lastKnownFileType = sourcecode.swift; path = ResumeView.swift; sourceTree = "<group>"; };
		D3ABB4F42AF9472A006E0AF9 /* PlayerViewController.swift */ = {isa = PBXFileReference; lastKnownFileType = sourcecode.swift; path = PlayerViewController.swift; sourceTree = "<group>"; };
		D3E444772AD5BA1D001643A6 /* ContentDetailView.swift */ = {isa = PBXFileReference; lastKnownFileType = sourcecode.swift; path = ContentDetailView.swift; sourceTree = "<group>"; };
		D3E4447A2AD5C0E6001643A6 /* AVKit.framework */ = {isa = PBXFileReference; lastKnownFileType = wrapper.framework; name = AVKit.framework; path = System/Library/Frameworks/AVKit.framework; sourceTree = SDKROOT; };
		D3E4447C2AD5C21B001643A6 /* Constants.swift */ = {isa = PBXFileReference; lastKnownFileType = sourcecode.swift; path = Constants.swift; sourceTree = "<group>"; };
		D3E4447E2AD7663E001643A6 /* CodeTextView.swift */ = {isa = PBXFileReference; lastKnownFileType = sourcecode.swift; path = CodeTextView.swift; sourceTree = "<group>"; };
		D3E444812AD76B4F001643A6 /* style.html */ = {isa = PBXFileReference; fileEncoding = 4; lastKnownFileType = text.html; path = style.html; sourceTree = "<group>"; };
		D3E444832AD8BC91001643A6 /* RectangleCard.swift */ = {isa = PBXFileReference; lastKnownFileType = sourcecode.swift; path = RectangleCard.swift; sourceTree = "<group>"; };
/* End PBXFileReference section */

/* Begin PBXFrameworksBuildPhase section */
		D306F5D12ACBA165009EF5AB /* Frameworks */ = {
			isa = PBXFrameworksBuildPhase;
			buildActionMask = 2147483647;
			files = (
				D3E4447B2AD5C0E6001643A6 /* AVKit.framework in Frameworks */,
				D34D7CA92AE87836006F6E7A /* FirebaseAuth in Frameworks */,
				D34D7CAB2AE87836006F6E7A /* FirebaseFirestore in Frameworks */,
			);
			runOnlyForDeploymentPostprocessing = 0;
		};
/* End PBXFrameworksBuildPhase section */

/* Begin PBXGroup section */
		D306F5CB2ACBA165009EF5AB = {
			isa = PBXGroup;
			children = (
				D306F5D62ACBA165009EF5AB /* LetsCode */,
				D306F5D52ACBA165009EF5AB /* Products */,
				D3E444792AD5C0E6001643A6 /* Frameworks */,
			);
			sourceTree = "<group>";
		};
		D306F5D52ACBA165009EF5AB /* Products */ = {
			isa = PBXGroup;
			children = (
				D306F5D42ACBA165009EF5AB /* LetsCode.app */,
			);
			name = Products;
			sourceTree = "<group>";
		};
		D306F5D62ACBA165009EF5AB /* LetsCode */ = {
			isa = PBXGroup;
			children = (
				D306F5D72ACBA165009EF5AB /* LetsCodeApp.swift */,
				D390215F2ACE169600C71494 /* Views */,
				D3449A2E2AED780F00FA15F4 /* Account */,
				D377E8A12AFEEC5400CCC127 /* Award */,
				D39021602ACE16AE00C71494 /* ViewModels */,
				D39021622ACE173700C71494 /* Models */,
				D39021632ACE175200C71494 /* Resources */,
				D39021642ACE176700C71494 /* Helpers */,
				D306F5DB2ACBA167009EF5AB /* Assets.xcassets */,
				D34D7CA52AE876B4006F6E7A /* GoogleService-Info.plist */,
				D306F5DD2ACBA167009EF5AB /* Preview Content */,
			);
			path = LetsCode;
			sourceTree = "<group>";
		};
		D306F5DD2ACBA167009EF5AB /* Preview Content */ = {
			isa = PBXGroup;
			children = (
				D306F5DE2ACBA167009EF5AB /* Preview Assets.xcassets */,
			);
			path = "Preview Content";
			sourceTree = "<group>";
		};
		D32DA7422AD9F17400AE5976 /* Test */ = {
			isa = PBXGroup;
			children = (
				D32DA7432AD9F19100AE5976 /* TestView.swift */,
				D32DA7452AE05EEA00AE5976 /* TestResultView.swift */,
			);
			path = Test;
			sourceTree = "<group>";
		};
		D3449A2E2AED780F00FA15F4 /* Account */ = {
			isa = PBXGroup;
			children = (
				D3449A2F2AED782F00FA15F4 /* LoginView.swift */,
				D3449A312AED785B00FA15F4 /* ProfileView.swift */,
			);
			path = Account;
			sourceTree = "<group>";
		};
		D377E8A12AFEEC5400CCC127 /* Award */ = {
			isa = PBXGroup;
			children = (
				D377E8A22AFEEC7700CCC127 /* AwardsGalleryView.swift */,
				D377E8A62AFEEDCF00CCC127 /* AwardsGallerySubview.swift */,
				D377E8A82AFEEE2800CCC127 /* AwardView.swift */,
			);
			path = Award;
			sourceTree = "<group>";
		};
		D390215F2ACE169600C71494 /* Views */ = {
			isa = PBXGroup;
			children = (
				D3449A332AED787300FA15F4 /* LaunchView.swift */,
				D3E444802AD7691B001643A6 /* Common */,
				D3AB56F12AD1BE7D00FA2DDF /* Lesson */,
				D32DA7422AD9F17400AE5976 /* Test */,
				D39021652ACE17D700C71494 /* Home */,
			);
			path = Views;
			sourceTree = "<group>";
		};
		D39021602ACE16AE00C71494 /* ViewModels */ = {
			isa = PBXGroup;
			children = (
				D39021662ACE181A00C71494 /* ContentModel.swift */,
			);
			path = ViewModels;
			sourceTree = "<group>";
		};
		D39021622ACE173700C71494 /* Models */ = {
			isa = PBXGroup;
			children = (
				D390216A2ACE202400C71494 /* Module.swift */,
				D390216C2ACE208D00C71494 /* Content.swift */,
				D390216E2ACE209B00C71494 /* Lesson.swift */,
				D39021702ACE20AB00C71494 /* Test.swift */,
				D39021722ACE20BF00C71494 /* Question.swift */,
				D3449A352AF167DC00FA15F4 /* User.swift */,
				D377E8A42AFEED4F00CCC127 /* Award.swift */,
			);
			path = Models;
			sourceTree = "<group>";
		};
		D39021632ACE175200C71494 /* Resources */ = {
			isa = PBXGroup;
			children = (
				D39021742ACE269400C71494 /* data.json */,
				D3E444812AD76B4F001643A6 /* style.html */,
			);
			path = Resources;
			sourceTree = "<group>";
		};
		D39021642ACE176700C71494 /* Helpers */ = {
			isa = PBXGroup;
			children = (
				D3E4447C2AD5C21B001643A6 /* Constants.swift */,
				D3449A372AF168A500FA15F4 /* UserService.swift */,
			);
			path = Helpers;
			sourceTree = "<group>";
		};
		D39021652ACE17D700C71494 /* Home */ = {
			isa = PBXGroup;
			children = (
				D377E89D2AFD436F00CCC127 /* HomeView.swift */,
				D30FFC6C2AD0A271002E764D /* HomeViewRow.swift */,
				D3ABB4F22AF57911006E0AF9 /* ResumeView.swift */,
			);
			path = Home;
			sourceTree = "<group>";
		};
		D3AB56F12AD1BE7D00FA2DDF /* Lesson */ = {
			isa = PBXGroup;
			children = (
				D3AB56F22AD1BE8A00FA2DDF /* ContentView.swift */,
				D3AB56F42AD1CB1100FA2DDF /* ContentViewRow.swift */,
				D3E444772AD5BA1D001643A6 /* ContentDetailView.swift */,
			);
			path = Lesson;
			sourceTree = "<group>";
		};
		D3E444792AD5C0E6001643A6 /* Frameworks */ = {
			isa = PBXGroup;
			children = (
				D3E4447A2AD5C0E6001643A6 /* AVKit.framework */,
			);
			name = Frameworks;
			sourceTree = "<group>";
		};
		D3E444802AD7691B001643A6 /* Common */ = {
			isa = PBXGroup;
			children = (
				D3E4447E2AD7663E001643A6 /* CodeTextView.swift */,
				D3E444832AD8BC91001643A6 /* RectangleCard.swift */,
				D3ABB4F42AF9472A006E0AF9 /* PlayerViewController.swift */,
				D377E89F2AFD9EA600CCC127 /* ResumeCard.swift */,
			);
			path = Common;
			sourceTree = "<group>";
		};
/* End PBXGroup section */

/* Begin PBXNativeTarget section */
		D306F5D32ACBA165009EF5AB /* LetsCode */ = {
			isa = PBXNativeTarget;
			buildConfigurationList = D306F5E22ACBA167009EF5AB /* Build configuration list for PBXNativeTarget "LetsCode" */;
			buildPhases = (
				D306F5D02ACBA165009EF5AB /* Sources */,
				D306F5D12ACBA165009EF5AB /* Frameworks */,
				D306F5D22ACBA165009EF5AB /* Resources */,
			);
			buildRules = (
			);
			dependencies = (
			);
			name = LetsCode;
			packageProductDependencies = (
				D34D7CA82AE87836006F6E7A /* FirebaseAuth */,
				D34D7CAA2AE87836006F6E7A /* FirebaseFirestore */,
			);
			productName = LetsCode;
			productReference = D306F5D42ACBA165009EF5AB /* LetsCode.app */;
			productType = "com.apple.product-type.application";
		};
/* End PBXNativeTarget section */

/* Begin PBXProject section */
		D306F5CC2ACBA165009EF5AB /* Project object */ = {
			isa = PBXProject;
			attributes = {
				BuildIndependentTargetsInParallel = 1;
				LastSwiftUpdateCheck = 1500;
				LastUpgradeCheck = 1500;
				TargetAttributes = {
					D306F5D32ACBA165009EF5AB = {
						CreatedOnToolsVersion = 15.0;
					};
				};
			};
			buildConfigurationList = D306F5CF2ACBA165009EF5AB /* Build configuration list for PBXProject "LetsCode" */;
			compatibilityVersion = "Xcode 14.0";
			developmentRegion = en;
			hasScannedForEncodings = 0;
			knownRegions = (
				en,
				Base,
			);
			mainGroup = D306F5CB2ACBA165009EF5AB;
			packageReferences = (
				D34D7CA72AE87836006F6E7A /* XCRemoteSwiftPackageReference "firebase-ios-sdk" */,
			);
			productRefGroup = D306F5D52ACBA165009EF5AB /* Products */;
			projectDirPath = "";
			projectRoot = "";
			targets = (
				D306F5D32ACBA165009EF5AB /* LetsCode */,
			);
		};
/* End PBXProject section */

/* Begin PBXResourcesBuildPhase section */
		D306F5D22ACBA165009EF5AB /* Resources */ = {
			isa = PBXResourcesBuildPhase;
			buildActionMask = 2147483647;
			files = (
				D306F5DF2ACBA167009EF5AB /* Preview Assets.xcassets in Resources */,
				D39021752ACE269400C71494 /* data.json in Resources */,
				D34D7CA62AE876B4006F6E7A /* GoogleService-Info.plist in Resources */,
				D3E444822AD76B4F001643A6 /* style.html in Resources */,
				D306F5DC2ACBA167009EF5AB /* Assets.xcassets in Resources */,
			);
			runOnlyForDeploymentPostprocessing = 0;
		};
/* End PBXResourcesBuildPhase section */

/* Begin PBXSourcesBuildPhase section */
		D306F5D02ACBA165009EF5AB /* Sources */ = {
			isa = PBXSourcesBuildPhase;
			buildActionMask = 2147483647;
			files = (
				D377E8A72AFEEDCF00CCC127 /* AwardsGallerySubview.swift in Sources */,
				D3AB56F52AD1CB1100FA2DDF /* ContentViewRow.swift in Sources */,
				D377E8A52AFEED4F00CCC127 /* Award.swift in Sources */,
				D3449A342AED787300FA15F4 /* LaunchView.swift in Sources */,
				D32DA7462AE05EEA00AE5976 /* TestResultView.swift in Sources */,
				D30FFC6D2AD0A271002E764D /* HomeViewRow.swift in Sources */,
				D3E444842AD8BC91001643A6 /* RectangleCard.swift in Sources */,
				D3449A382AF168A500FA15F4 /* UserService.swift in Sources */,
				D377E8A92AFEEE2800CCC127 /* AwardView.swift in Sources */,
				D32DA7442AD9F19100AE5976 /* TestView.swift in Sources */,
				D39021732ACE20BF00C71494 /* Question.swift in Sources */,
				D3E4447F2AD7663E001643A6 /* CodeTextView.swift in Sources */,
				D377E8A32AFEEC7700CCC127 /* AwardsGalleryView.swift in Sources */,
				D377E8A02AFD9EA600CCC127 /* ResumeCard.swift in Sources */,
				D390216B2ACE202400C71494 /* Module.swift in Sources */,
				D306F5D82ACBA165009EF5AB /* LetsCodeApp.swift in Sources */,
				D39021712ACE20AB00C71494 /* Test.swift in Sources */,
				D3E4447D2AD5C21B001643A6 /* Constants.swift in Sources */,
				D3449A302AED782F00FA15F4 /* LoginView.swift in Sources */,
				D377E89E2AFD436F00CCC127 /* HomeView.swift in Sources */,
				D3E444782AD5BA1D001643A6 /* ContentDetailView.swift in Sources */,
				D3AB56F32AD1BE8A00FA2DDF /* ContentView.swift in Sources */,
				D3ABB4F52AF9472A006E0AF9 /* PlayerViewController.swift in Sources */,
				D390216F2ACE209B00C71494 /* Lesson.swift in Sources */,
				D3449A322AED785B00FA15F4 /* ProfileView.swift in Sources */,
				D390216D2ACE208D00C71494 /* Content.swift in Sources */,
				D3ABB4F32AF57911006E0AF9 /* ResumeView.swift in Sources */,
				D39021672ACE181A00C71494 /* ContentModel.swift in Sources */,
				D3449A362AF167DC00FA15F4 /* User.swift in Sources */,
			);
			runOnlyForDeploymentPostprocessing = 0;
		};
/* End PBXSourcesBuildPhase section */

/* Begin XCBuildConfiguration section */
		D306F5E02ACBA167009EF5AB /* Debug */ = {
			isa = XCBuildConfiguration;
			buildSettings = {
				ALWAYS_SEARCH_USER_PATHS = NO;
				ASSETCATALOG_COMPILER_GENERATE_SWIFT_ASSET_SYMBOL_EXTENSIONS = YES;
				CLANG_ANALYZER_NONNULL = YES;
				CLANG_ANALYZER_NUMBER_OBJECT_CONVERSION = YES_AGGRESSIVE;
				CLANG_CXX_LANGUAGE_STANDARD = "gnu++20";
				CLANG_ENABLE_MODULES = YES;
				CLANG_ENABLE_OBJC_ARC = YES;
				CLANG_ENABLE_OBJC_WEAK = YES;
				CLANG_WARN_BLOCK_CAPTURE_AUTORELEASING = YES;
				CLANG_WARN_BOOL_CONVERSION = YES;
				CLANG_WARN_COMMA = YES;
				CLANG_WARN_CONSTANT_CONVERSION = YES;
				CLANG_WARN_DEPRECATED_OBJC_IMPLEMENTATIONS = YES;
				CLANG_WARN_DIRECT_OBJC_ISA_USAGE = YES_ERROR;
				CLANG_WARN_DOCUMENTATION_COMMENTS = YES;
				CLANG_WARN_EMPTY_BODY = YES;
				CLANG_WARN_ENUM_CONVERSION = YES;
				CLANG_WARN_INFINITE_RECURSION = YES;
				CLANG_WARN_INT_CONVERSION = YES;
				CLANG_WARN_NON_LITERAL_NULL_CONVERSION = YES;
				CLANG_WARN_OBJC_IMPLICIT_RETAIN_SELF = YES;
				CLANG_WARN_OBJC_LITERAL_CONVERSION = YES;
				CLANG_WARN_OBJC_ROOT_CLASS = YES_ERROR;
				CLANG_WARN_QUOTED_INCLUDE_IN_FRAMEWORK_HEADER = YES;
				CLANG_WARN_RANGE_LOOP_ANALYSIS = YES;
				CLANG_WARN_STRICT_PROTOTYPES = YES;
				CLANG_WARN_SUSPICIOUS_MOVE = YES;
				CLANG_WARN_UNGUARDED_AVAILABILITY = YES_AGGRESSIVE;
				CLANG_WARN_UNREACHABLE_CODE = YES;
				CLANG_WARN__DUPLICATE_METHOD_MATCH = YES;
				COPY_PHASE_STRIP = NO;
				DEBUG_INFORMATION_FORMAT = dwarf;
				ENABLE_STRICT_OBJC_MSGSEND = YES;
				ENABLE_TESTABILITY = YES;
				ENABLE_USER_SCRIPT_SANDBOXING = YES;
				GCC_C_LANGUAGE_STANDARD = gnu17;
				GCC_DYNAMIC_NO_PIC = NO;
				GCC_NO_COMMON_BLOCKS = YES;
				GCC_OPTIMIZATION_LEVEL = 0;
				GCC_PREPROCESSOR_DEFINITIONS = (
					"DEBUG=1",
					"$(inherited)",
				);
				GCC_WARN_64_TO_32_BIT_CONVERSION = YES;
				GCC_WARN_ABOUT_RETURN_TYPE = YES_ERROR;
				GCC_WARN_UNDECLARED_SELECTOR = YES;
				GCC_WARN_UNINITIALIZED_AUTOS = YES_AGGRESSIVE;
				GCC_WARN_UNUSED_FUNCTION = YES;
				GCC_WARN_UNUSED_VARIABLE = YES;
				IPHONEOS_DEPLOYMENT_TARGET = 17.0;
				LOCALIZATION_PREFERS_STRING_CATALOGS = YES;
				MTL_ENABLE_DEBUG_INFO = INCLUDE_SOURCE;
				MTL_FAST_MATH = YES;
				ONLY_ACTIVE_ARCH = YES;
				SDKROOT = iphoneos;
				SWIFT_ACTIVE_COMPILATION_CONDITIONS = "DEBUG $(inherited)";
				SWIFT_OPTIMIZATION_LEVEL = "-Onone";
			};
			name = Debug;
		};
		D306F5E12ACBA167009EF5AB /* Release */ = {
			isa = XCBuildConfiguration;
			buildSettings = {
				ALWAYS_SEARCH_USER_PATHS = NO;
				ASSETCATALOG_COMPILER_GENERATE_SWIFT_ASSET_SYMBOL_EXTENSIONS = YES;
				CLANG_ANALYZER_NONNULL = YES;
				CLANG_ANALYZER_NUMBER_OBJECT_CONVERSION = YES_AGGRESSIVE;
				CLANG_CXX_LANGUAGE_STANDARD = "gnu++20";
				CLANG_ENABLE_MODULES = YES;
				CLANG_ENABLE_OBJC_ARC = YES;
				CLANG_ENABLE_OBJC_WEAK = YES;
				CLANG_WARN_BLOCK_CAPTURE_AUTORELEASING = YES;
				CLANG_WARN_BOOL_CONVERSION = YES;
				CLANG_WARN_COMMA = YES;
				CLANG_WARN_CONSTANT_CONVERSION = YES;
				CLANG_WARN_DEPRECATED_OBJC_IMPLEMENTATIONS = YES;
				CLANG_WARN_DIRECT_OBJC_ISA_USAGE = YES_ERROR;
				CLANG_WARN_DOCUMENTATION_COMMENTS = YES;
				CLANG_WARN_EMPTY_BODY = YES;
				CLANG_WARN_ENUM_CONVERSION = YES;
				CLANG_WARN_INFINITE_RECURSION = YES;
				CLANG_WARN_INT_CONVERSION = YES;
				CLANG_WARN_NON_LITERAL_NULL_CONVERSION = YES;
				CLANG_WARN_OBJC_IMPLICIT_RETAIN_SELF = YES;
				CLANG_WARN_OBJC_LITERAL_CONVERSION = YES;
				CLANG_WARN_OBJC_ROOT_CLASS = YES_ERROR;
				CLANG_WARN_QUOTED_INCLUDE_IN_FRAMEWORK_HEADER = YES;
				CLANG_WARN_RANGE_LOOP_ANALYSIS = YES;
				CLANG_WARN_STRICT_PROTOTYPES = YES;
				CLANG_WARN_SUSPICIOUS_MOVE = YES;
				CLANG_WARN_UNGUARDED_AVAILABILITY = YES_AGGRESSIVE;
				CLANG_WARN_UNREACHABLE_CODE = YES;
				CLANG_WARN__DUPLICATE_METHOD_MATCH = YES;
				COPY_PHASE_STRIP = NO;
				DEBUG_INFORMATION_FORMAT = "dwarf-with-dsym";
				ENABLE_NS_ASSERTIONS = NO;
				ENABLE_STRICT_OBJC_MSGSEND = YES;
				ENABLE_USER_SCRIPT_SANDBOXING = YES;
				GCC_C_LANGUAGE_STANDARD = gnu17;
				GCC_NO_COMMON_BLOCKS = YES;
				GCC_WARN_64_TO_32_BIT_CONVERSION = YES;
				GCC_WARN_ABOUT_RETURN_TYPE = YES_ERROR;
				GCC_WARN_UNDECLARED_SELECTOR = YES;
				GCC_WARN_UNINITIALIZED_AUTOS = YES_AGGRESSIVE;
				GCC_WARN_UNUSED_FUNCTION = YES;
				GCC_WARN_UNUSED_VARIABLE = YES;
				IPHONEOS_DEPLOYMENT_TARGET = 17.0;
				LOCALIZATION_PREFERS_STRING_CATALOGS = YES;
				MTL_ENABLE_DEBUG_INFO = NO;
				MTL_FAST_MATH = YES;
				SDKROOT = iphoneos;
				SWIFT_COMPILATION_MODE = wholemodule;
				VALIDATE_PRODUCT = YES;
			};
			name = Release;
		};
		D306F5E32ACBA167009EF5AB /* Debug */ = {
			isa = XCBuildConfiguration;
			buildSettings = {
				ASSETCATALOG_COMPILER_APPICON_NAME = AppIcon;
				ASSETCATALOG_COMPILER_GLOBAL_ACCENT_COLOR_NAME = AccentColor;
				CODE_SIGN_STYLE = Automatic;
				CURRENT_PROJECT_VERSION = 1;
				DEVELOPMENT_ASSET_PATHS = "\"LetsCode/Preview Content\"";
				DEVELOPMENT_TEAM = A3PJCFNUAB;
				ENABLE_PREVIEWS = YES;
				GENERATE_INFOPLIST_FILE = YES;
				INFOPLIST_KEY_UIApplicationSceneManifest_Generation = YES;
				INFOPLIST_KEY_UIApplicationSupportsIndirectInputEvents = YES;
				INFOPLIST_KEY_UILaunchScreen_Generation = YES;
				INFOPLIST_KEY_UISupportedInterfaceOrientations_iPad = "UIInterfaceOrientationPortrait UIInterfaceOrientationPortraitUpsideDown UIInterfaceOrientationLandscapeLeft UIInterfaceOrientationLandscapeRight";
				INFOPLIST_KEY_UISupportedInterfaceOrientations_iPhone = "UIInterfaceOrientationPortrait UIInterfaceOrientationLandscapeLeft UIInterfaceOrientationLandscapeRight";
				LD_RUNPATH_SEARCH_PATHS = (
					"$(inherited)",
					"@executable_path/Frameworks",
				);
				MARKETING_VERSION = 1.0;
				PRODUCT_BUNDLE_IDENTIFIER = com.montalto.domenico.LetsCode;
				PRODUCT_NAME = "$(TARGET_NAME)";
				SWIFT_EMIT_LOC_STRINGS = YES;
				SWIFT_VERSION = 5.0;
				TARGETED_DEVICE_FAMILY = "1,2";
			};
			name = Debug;
		};
		D306F5E42ACBA167009EF5AB /* Release */ = {
			isa = XCBuildConfiguration;
			buildSettings = {
				ASSETCATALOG_COMPILER_APPICON_NAME = AppIcon;
				ASSETCATALOG_COMPILER_GLOBAL_ACCENT_COLOR_NAME = AccentColor;
				CODE_SIGN_STYLE = Automatic;
				CURRENT_PROJECT_VERSION = 1;
				DEVELOPMENT_ASSET_PATHS = "\"LetsCode/Preview Content\"";
				DEVELOPMENT_TEAM = A3PJCFNUAB;
				ENABLE_PREVIEWS = YES;
				GENERATE_INFOPLIST_FILE = YES;
				INFOPLIST_KEY_UIApplicationSceneManifest_Generation = YES;
				INFOPLIST_KEY_UIApplicationSupportsIndirectInputEvents = YES;
				INFOPLIST_KEY_UILaunchScreen_Generation = YES;
				INFOPLIST_KEY_UISupportedInterfaceOrientations_iPad = "UIInterfaceOrientationPortrait UIInterfaceOrientationPortraitUpsideDown UIInterfaceOrientationLandscapeLeft UIInterfaceOrientationLandscapeRight";
				INFOPLIST_KEY_UISupportedInterfaceOrientations_iPhone = "UIInterfaceOrientationPortrait UIInterfaceOrientationLandscapeLeft UIInterfaceOrientationLandscapeRight";
				LD_RUNPATH_SEARCH_PATHS = (
					"$(inherited)",
					"@executable_path/Frameworks",
				);
				MARKETING_VERSION = 1.0;
				PRODUCT_BUNDLE_IDENTIFIER = com.montalto.domenico.LetsCode;
				PRODUCT_NAME = "$(TARGET_NAME)";
				SWIFT_EMIT_LOC_STRINGS = YES;
				SWIFT_VERSION = 5.0;
				TARGETED_DEVICE_FAMILY = "1,2";
			};
			name = Release;
		};
/* End XCBuildConfiguration section */

/* Begin XCConfigurationList section */
		D306F5CF2ACBA165009EF5AB /* Build configuration list for PBXProject "LetsCode" */ = {
			isa = XCConfigurationList;
			buildConfigurations = (
				D306F5E02ACBA167009EF5AB /* Debug */,
				D306F5E12ACBA167009EF5AB /* Release */,
			);
			defaultConfigurationIsVisible = 0;
			defaultConfigurationName = Release;
		};
		D306F5E22ACBA167009EF5AB /* Build configuration list for PBXNativeTarget "LetsCode" */ = {
			isa = XCConfigurationList;
			buildConfigurations = (
				D306F5E32ACBA167009EF5AB /* Debug */,
				D306F5E42ACBA167009EF5AB /* Release */,
			);
			defaultConfigurationIsVisible = 0;
			defaultConfigurationName = Release;
		};
/* End XCConfigurationList section */

/* Begin XCRemoteSwiftPackageReference section */
		D34D7CA72AE87836006F6E7A /* XCRemoteSwiftPackageReference "firebase-ios-sdk" */ = {
			isa = XCRemoteSwiftPackageReference;
			repositoryURL = "https://github.com/firebase/firebase-ios-sdk.git";
			requirement = {
				kind = upToNextMajorVersion;
				minimumVersion = 10.16.0;
			};
		};
/* End XCRemoteSwiftPackageReference section */

/* Begin XCSwiftPackageProductDependency section */
		D34D7CA82AE87836006F6E7A /* FirebaseAuth */ = {
			isa = XCSwiftPackageProductDependency;
			package = D34D7CA72AE87836006F6E7A /* XCRemoteSwiftPackageReference "firebase-ios-sdk" */;
			productName = FirebaseAuth;
		};
		D34D7CAA2AE87836006F6E7A /* FirebaseFirestore */ = {
			isa = XCSwiftPackageProductDependency;
			package = D34D7CA72AE87836006F6E7A /* XCRemoteSwiftPackageReference "firebase-ios-sdk" */;
			productName = FirebaseFirestore;
		};
/* End XCSwiftPackageProductDependency section */
	};
	rootObject = D306F5CC2ACBA165009EF5AB /* Project object */;
}
