// !$*UTF8*$!
{
	archiveVersion = 1;
	classes = {
	};
	objectVersion = 56;
	objects = {

/* Begin PBXBuildFile section */
		D306F5D82ACBA165009EF5AB /* LetsCodeApp.swift in Sources */ = {isa = PBXBuildFile; fileRef = D306F5D72ACBA165009EF5AB /* LetsCodeApp.swift */; };
		D306F5DA2ACBA165009EF5AB /* HomeView.swift in Sources */ = {isa = PBXBuildFile; fileRef = D306F5D92ACBA165009EF5AB /* HomeView.swift */; };
		D306F5DC2ACBA167009EF5AB /* Assets.xcassets in Resources */ = {isa = PBXBuildFile; fileRef = D306F5DB2ACBA167009EF5AB /* Assets.xcassets */; };
		D306F5DF2ACBA167009EF5AB /* Preview Assets.xcassets in Resources */ = {isa = PBXBuildFile; fileRef = D306F5DE2ACBA167009EF5AB /* Preview Assets.xcassets */; };
		D30FFC6D2AD0A271002E764D /* HomeViewRow.swift in Sources */ = {isa = PBXBuildFile; fileRef = D30FFC6C2AD0A271002E764D /* HomeViewRow.swift */; };
		D39021672ACE181A00C71494 /* ContentModel.swift in Sources */ = {isa = PBXBuildFile; fileRef = D39021662ACE181A00C71494 /* ContentModel.swift */; };
		D390216B2ACE202400C71494 /* Module.swift in Sources */ = {isa = PBXBuildFile; fileRef = D390216A2ACE202400C71494 /* Module.swift */; };
		D390216D2ACE208D00C71494 /* Content.swift in Sources */ = {isa = PBXBuildFile; fileRef = D390216C2ACE208D00C71494 /* Content.swift */; };
		D390216F2ACE209B00C71494 /* Lesson.swift in Sources */ = {isa = PBXBuildFile; fileRef = D390216E2ACE209B00C71494 /* Lesson.swift */; };
		D39021712ACE20AB00C71494 /* Test.swift in Sources */ = {isa = PBXBuildFile; fileRef = D39021702ACE20AB00C71494 /* Test.swift */; };
		D39021732ACE20BF00C71494 /* Question.swift in Sources */ = {isa = PBXBuildFile; fileRef = D39021722ACE20BF00C71494 /* Question.swift */; };
		D39021752ACE269400C71494 /* data.json in Resources */ = {isa = PBXBuildFile; fileRef = D39021742ACE269400C71494 /* data.json */; };
/* End PBXBuildFile section */

/* Begin PBXFileReference section */
		D306F5D42ACBA165009EF5AB /* LetsCode.app */ = {isa = PBXFileReference; explicitFileType = wrapper.application; includeInIndex = 0; path = LetsCode.app; sourceTree = BUILT_PRODUCTS_DIR; };
		D306F5D72ACBA165009EF5AB /* LetsCodeApp.swift */ = {isa = PBXFileReference; lastKnownFileType = sourcecode.swift; path = LetsCodeApp.swift; sourceTree = "<group>"; };
		D306F5D92ACBA165009EF5AB /* HomeView.swift */ = {isa = PBXFileReference; lastKnownFileType = sourcecode.swift; path = HomeView.swift; sourceTree = "<group>"; };
		D306F5DB2ACBA167009EF5AB /* Assets.xcassets */ = {isa = PBXFileReference; lastKnownFileType = folder.assetcatalog; path = Assets.xcassets; sourceTree = "<group>"; };
		D306F5DE2ACBA167009EF5AB /* Preview Assets.xcassets */ = {isa = PBXFileReference; lastKnownFileType = folder.assetcatalog; path = "Preview Assets.xcassets"; sourceTree = "<group>"; };
		D30FFC6C2AD0A271002E764D /* HomeViewRow.swift */ = {isa = PBXFileReference; lastKnownFileType = sourcecode.swift; path = HomeViewRow.swift; sourceTree = "<group>"; };
		D39021662ACE181A00C71494 /* ContentModel.swift */ = {isa = PBXFileReference; lastKnownFileType = sourcecode.swift; path = ContentModel.swift; sourceTree = "<group>"; };
		D390216A2ACE202400C71494 /* Module.swift */ = {isa = PBXFileReference; lastKnownFileType = sourcecode.swift; path = Module.swift; sourceTree = "<group>"; };
		D390216C2ACE208D00C71494 /* Content.swift */ = {isa = PBXFileReference; lastKnownFileType = sourcecode.swift; path = Content.swift; sourceTree = "<group>"; };
		D390216E2ACE209B00C71494 /* Lesson.swift */ = {isa = PBXFileReference; lastKnownFileType = sourcecode.swift; path = Lesson.swift; sourceTree = "<group>"; };
		D39021702ACE20AB00C71494 /* Test.swift */ = {isa = PBXFileReference; lastKnownFileType = sourcecode.swift; path = Test.swift; sourceTree = "<group>"; };
		D39021722ACE20BF00C71494 /* Question.swift */ = {isa = PBXFileReference; lastKnownFileType = sourcecode.swift; path = Question.swift; sourceTree = "<group>"; };
		D39021742ACE269400C71494 /* data.json */ = {isa = PBXFileReference; fileEncoding = 4; lastKnownFileType = text.json; path = data.json; sourceTree = "<group>"; };
/* End PBXFileReference section */

/* Begin PBXFrameworksBuildPhase section */
		D306F5D12ACBA165009EF5AB /* Frameworks */ = {
			isa = PBXFrameworksBuildPhase;
			buildActionMask = 2147483647;
			files = (
			);
			runOnlyForDeploymentPostprocessing = 0;
		};
/* End PBXFrameworksBuildPhase section */

/* Begin PBXGroup section */
		D306F5CB2ACBA165009EF5AB = {
			isa = PBXGroup;
			children = (
				D306F5D62ACBA165009EF5AB /* LetsCode */,
				D306F5D52ACBA165009EF5AB /* Products */,
			);
			sourceTree = "<group>";
		};
		D306F5D52ACBA165009EF5AB /* Products */ = {
			isa = PBXGroup;
			children = (
				D306F5D42ACBA165009EF5AB /* LetsCode.app */,
			);
			name = Products;
			sourceTree = "<group>";
		};
		D306F5D62ACBA165009EF5AB /* LetsCode */ = {
			isa = PBXGroup;
			children = (
				D306F5D72ACBA165009EF5AB /* LetsCodeApp.swift */,
				D390215F2ACE169600C71494 /* Views */,
				D39021602ACE16AE00C71494 /* ViewModels */,
				D39021622ACE173700C71494 /* Models */,
				D39021632ACE175200C71494 /* Resources */,
				D39021642ACE176700C71494 /* Helpers */,
				D306F5DB2ACBA167009EF5AB /* Assets.xcassets */,
				D306F5DD2ACBA167009EF5AB /* Preview Content */,
			);
			path = LetsCode;
			sourceTree = "<group>";
		};
		D306F5DD2ACBA167009EF5AB /* Preview Content */ = {
			isa = PBXGroup;
			children = (
				D306F5DE2ACBA167009EF5AB /* Preview Assets.xcassets */,
			);
			path = "Preview Content";
			sourceTree = "<group>";
		};
		D390215F2ACE169600C71494 /* Views */ = {
			isa = PBXGroup;
			children = (
				D39021652ACE17D700C71494 /* Home */,
			);
			path = Views;
			sourceTree = "<group>";
		};
		D39021602ACE16AE00C71494 /* ViewModels */ = {
			isa = PBXGroup;
			children = (
				D39021662ACE181A00C71494 /* ContentModel.swift */,
			);
			path = ViewModels;
			sourceTree = "<group>";
		};
		D39021622ACE173700C71494 /* Models */ = {
			isa = PBXGroup;
			children = (
				D390216A2ACE202400C71494 /* Module.swift */,
				D390216C2ACE208D00C71494 /* Content.swift */,
				D390216E2ACE209B00C71494 /* Lesson.swift */,
				D39021702ACE20AB00C71494 /* Test.swift */,
				D39021722ACE20BF00C71494 /* Question.swift */,
			);
			path = Models;
			sourceTree = "<group>";
		};
		D39021632ACE175200C71494 /* Resources */ = {
			isa = PBXGroup;
			children = (
				D39021742ACE269400C71494 /* data.json */,
			);
			path = Resources;
			sourceTree = "<group>";
		};
		D39021642ACE176700C71494 /* Helpers */ = {
			isa = PBXGroup;
			children = (
			);
			path = Helpers;
			sourceTree = "<group>";
		};
		D39021652ACE17D700C71494 /* Home */ = {
			isa = PBXGroup;
			children = (
				D306F5D92ACBA165009EF5AB /* HomeView.swift */,
				D30FFC6C2AD0A271002E764D /* HomeViewRow.swift */,
			);
			path = Home;
			sourceTree = "<group>";
		};
/* End PBXGroup section */

/* Begin PBXNativeTarget section */
		D306F5D32ACBA165009EF5AB /* LetsCode */ = {
			isa = PBXNativeTarget;
			buildConfigurationList = D306F5E22ACBA167009EF5AB /* Build configuration list for PBXNativeTarget "LetsCode" */;
			buildPhases = (
				D306F5D02ACBA165009EF5AB /* Sources */,
				D306F5D12ACBA165009EF5AB /* Frameworks */,
				D306F5D22ACBA165009EF5AB /* Resources */,
			);
			buildRules = (
			);
			dependencies = (
			);
			name = LetsCode;
			productName = LetsCode;
			productReference = D306F5D42ACBA165009EF5AB /* LetsCode.app */;
			productType = "com.apple.product-type.application";
		};
/* End PBXNativeTarget section */

/* Begin PBXProject section */
		D306F5CC2ACBA165009EF5AB /* Project object */ = {
			isa = PBXProject;
			attributes = {
				BuildIndependentTargetsInParallel = 1;
				LastSwiftUpdateCheck = 1500;
				LastUpgradeCheck = 1500;
				TargetAttributes = {
					D306F5D32ACBA165009EF5AB = {
						CreatedOnToolsVersion = 15.0;
					};
				};
			};
			buildConfigurationList = D306F5CF2ACBA165009EF5AB /* Build configuration list for PBXProject "LetsCode" */;
			compatibilityVersion = "Xcode 14.0";
			developmentRegion = en;
			hasScannedForEncodings = 0;
			knownRegions = (
				en,
				Base,
			);
			mainGroup = D306F5CB2ACBA165009EF5AB;
			productRefGroup = D306F5D52ACBA165009EF5AB /* Products */;
			projectDirPath = "";
			projectRoot = "";
			targets = (
				D306F5D32ACBA165009EF5AB /* LetsCode */,
			);
		};
/* End PBXProject section */

/* Begin PBXResourcesBuildPhase section */
		D306F5D22ACBA165009EF5AB /* Resources */ = {
			isa = PBXResourcesBuildPhase;
			buildActionMask = 2147483647;
			files = (
				D306F5DF2ACBA167009EF5AB /* Preview Assets.xcassets in Resources */,
				D39021752ACE269400C71494 /* data.json in Resources */,
				D306F5DC2ACBA167009EF5AB /* Assets.xcassets in Resources */,
			);
			runOnlyForDeploymentPostprocessing = 0;
		};
/* End PBXResourcesBuildPhase section */

/* Begin PBXSourcesBuildPhase section */
		D306F5D02ACBA165009EF5AB /* Sources */ = {
			isa = PBXSourcesBuildPhase;
			buildActionMask = 2147483647;
			files = (
				D306F5DA2ACBA165009EF5AB /* HomeView.swift in Sources */,
				D30FFC6D2AD0A271002E764D /* HomeViewRow.swift in Sources */,
				D39021732ACE20BF00C71494 /* Question.swift in Sources */,
				D390216B2ACE202400C71494 /* Module.swift in Sources */,
				D306F5D82ACBA165009EF5AB /* LetsCodeApp.swift in Sources */,
				D39021712ACE20AB00C71494 /* Test.swift in Sources */,
				D390216F2ACE209B00C71494 /* Lesson.swift in Sources */,
				D390216D2ACE208D00C71494 /* Content.swift in Sources */,
				D39021672ACE181A00C71494 /* ContentModel.swift in Sources */,
			);
			runOnlyForDeploymentPostprocessing = 0;
		};
/* End PBXSourcesBuildPhase section */

/* Begin XCBuildConfiguration section */
		D306F5E02ACBA167009EF5AB /* Debug */ = {
			isa = XCBuildConfiguration;
			buildSettings = {
				ALWAYS_SEARCH_USER_PATHS = NO;
				ASSETCATALOG_COMPILER_GENERATE_SWIFT_ASSET_SYMBOL_EXTENSIONS = YES;
				CLANG_ANALYZER_NONNULL = YES;
				CLANG_ANALYZER_NUMBER_OBJECT_CONVERSION = YES_AGGRESSIVE;
				CLANG_CXX_LANGUAGE_STANDARD = "gnu++20";
				CLANG_ENABLE_MODULES = YES;
				CLANG_ENABLE_OBJC_ARC = YES;
				CLANG_ENABLE_OBJC_WEAK = YES;
				CLANG_WARN_BLOCK_CAPTURE_AUTORELEASING = YES;
				CLANG_WARN_BOOL_CONVERSION = YES;
				CLANG_WARN_COMMA = YES;
				CLANG_WARN_CONSTANT_CONVERSION = YES;
				CLANG_WARN_DEPRECATED_OBJC_IMPLEMENTATIONS = YES;
				CLANG_WARN_DIRECT_OBJC_ISA_USAGE = YES_ERROR;
				CLANG_WARN_DOCUMENTATION_COMMENTS = YES;
				CLANG_WARN_EMPTY_BODY = YES;
				CLANG_WARN_ENUM_CONVERSION = YES;
				CLANG_WARN_INFINITE_RECURSION = YES;
				CLANG_WARN_INT_CONVERSION = YES;
				CLANG_WARN_NON_LITERAL_NULL_CONVERSION = YES;
				CLANG_WARN_OBJC_IMPLICIT_RETAIN_SELF = YES;
				CLANG_WARN_OBJC_LITERAL_CONVERSION = YES;
				CLANG_WARN_OBJC_ROOT_CLASS = YES_ERROR;
				CLANG_WARN_QUOTED_INCLUDE_IN_FRAMEWORK_HEADER = YES;
				CLANG_WARN_RANGE_LOOP_ANALYSIS = YES;
				CLANG_WARN_STRICT_PROTOTYPES = YES;
				CLANG_WARN_SUSPICIOUS_MOVE = YES;
				CLANG_WARN_UNGUARDED_AVAILABILITY = YES_AGGRESSIVE;
				CLANG_WARN_UNREACHABLE_CODE = YES;
				CLANG_WARN__DUPLICATE_METHOD_MATCH = YES;
				COPY_PHASE_STRIP = NO;
				DEBUG_INFORMATION_FORMAT = dwarf;
				ENABLE_STRICT_OBJC_MSGSEND = YES;
				ENABLE_TESTABILITY = YES;
				ENABLE_USER_SCRIPT_SANDBOXING = YES;
				GCC_C_LANGUAGE_STANDARD = gnu17;
				GCC_DYNAMIC_NO_PIC = NO;
				GCC_NO_COMMON_BLOCKS = YES;
				GCC_OPTIMIZATION_LEVEL = 0;
				GCC_PREPROCESSOR_DEFINITIONS = (
					"DEBUG=1",
					"$(inherited)",
				);
				GCC_WARN_64_TO_32_BIT_CONVERSION = YES;
				GCC_WARN_ABOUT_RETURN_TYPE = YES_ERROR;
				GCC_WARN_UNDECLARED_SELECTOR = YES;
				GCC_WARN_UNINITIALIZED_AUTOS = YES_AGGRESSIVE;
				GCC_WARN_UNUSED_FUNCTION = YES;
				GCC_WARN_UNUSED_VARIABLE = YES;
				IPHONEOS_DEPLOYMENT_TARGET = 17.0;
				LOCALIZATION_PREFERS_STRING_CATALOGS = YES;
				MTL_ENABLE_DEBUG_INFO = INCLUDE_SOURCE;
				MTL_FAST_MATH = YES;
				ONLY_ACTIVE_ARCH = YES;
				SDKROOT = iphoneos;
				SWIFT_ACTIVE_COMPILATION_CONDITIONS = "DEBUG $(inherited)";
				SWIFT_OPTIMIZATION_LEVEL = "-Onone";
			};
			name = Debug;
		};
		D306F5E12ACBA167009EF5AB /* Release */ = {
			isa = XCBuildConfiguration;
			buildSettings = {
				ALWAYS_SEARCH_USER_PATHS = NO;
				ASSETCATALOG_COMPILER_GENERATE_SWIFT_ASSET_SYMBOL_EXTENSIONS = YES;
				CLANG_ANALYZER_NONNULL = YES;
				CLANG_ANALYZER_NUMBER_OBJECT_CONVERSION = YES_AGGRESSIVE;
				CLANG_CXX_LANGUAGE_STANDARD = "gnu++20";
				CLANG_ENABLE_MODULES = YES;
				CLANG_ENABLE_OBJC_ARC = YES;
				CLANG_ENABLE_OBJC_WEAK = YES;
				CLANG_WARN_BLOCK_CAPTURE_AUTORELEASING = YES;
				CLANG_WARN_BOOL_CONVERSION = YES;
				CLANG_WARN_COMMA = YES;
				CLANG_WARN_CONSTANT_CONVERSION = YES;
				CLANG_WARN_DEPRECATED_OBJC_IMPLEMENTATIONS = YES;
				CLANG_WARN_DIRECT_OBJC_ISA_USAGE = YES_ERROR;
				CLANG_WARN_DOCUMENTATION_COMMENTS = YES;
				CLANG_WARN_EMPTY_BODY = YES;
				CLANG_WARN_ENUM_CONVERSION = YES;
				CLANG_WARN_INFINITE_RECURSION = YES;
				CLANG_WARN_INT_CONVERSION = YES;
				CLANG_WARN_NON_LITERAL_NULL_CONVERSION = YES;
				CLANG_WARN_OBJC_IMPLICIT_RETAIN_SELF = YES;
				CLANG_WARN_OBJC_LITERAL_CONVERSION = YES;
				CLANG_WARN_OBJC_ROOT_CLASS = YES_ERROR;
				CLANG_WARN_QUOTED_INCLUDE_IN_FRAMEWORK_HEADER = YES;
				CLANG_WARN_RANGE_LOOP_ANALYSIS = YES;
				CLANG_WARN_STRICT_PROTOTYPES = YES;
				CLANG_WARN_SUSPICIOUS_MOVE = YES;
				CLANG_WARN_UNGUARDED_AVAILABILITY = YES_AGGRESSIVE;
				CLANG_WARN_UNREACHABLE_CODE = YES;
				CLANG_WARN__DUPLICATE_METHOD_MATCH = YES;
				COPY_PHASE_STRIP = NO;
				DEBUG_INFORMATION_FORMAT = "dwarf-with-dsym";
				ENABLE_NS_ASSERTIONS = NO;
				ENABLE_STRICT_OBJC_MSGSEND = YES;
				ENABLE_USER_SCRIPT_SANDBOXING = YES;
				GCC_C_LANGUAGE_STANDARD = gnu17;
				GCC_NO_COMMON_BLOCKS = YES;
				GCC_WARN_64_TO_32_BIT_CONVERSION = YES;
				GCC_WARN_ABOUT_RETURN_TYPE = YES_ERROR;
				GCC_WARN_UNDECLARED_SELECTOR = YES;
				GCC_WARN_UNINITIALIZED_AUTOS = YES_AGGRESSIVE;
				GCC_WARN_UNUSED_FUNCTION = YES;
				GCC_WARN_UNUSED_VARIABLE = YES;
				IPHONEOS_DEPLOYMENT_TARGET = 17.0;
				LOCALIZATION_PREFERS_STRING_CATALOGS = YES;
				MTL_ENABLE_DEBUG_INFO = NO;
				MTL_FAST_MATH = YES;
				SDKROOT = iphoneos;
				SWIFT_COMPILATION_MODE = wholemodule;
				VALIDATE_PRODUCT = YES;
			};
			name = Release;
		};
		D306F5E32ACBA167009EF5AB /* Debug */ = {
			isa = XCBuildConfiguration;
			buildSettings = {
				ASSETCATALOG_COMPILER_APPICON_NAME = AppIcon;
				ASSETCATALOG_COMPILER_GLOBAL_ACCENT_COLOR_NAME = AccentColor;
				CODE_SIGN_STYLE = Automatic;
				CURRENT_PROJECT_VERSION = 1;
				DEVELOPMENT_ASSET_PATHS = "\"LetsCode/Preview Content\"";
				DEVELOPMENT_TEAM = A3PJCFNUAB;
				ENABLE_PREVIEWS = YES;
				GENERATE_INFOPLIST_FILE = YES;
				INFOPLIST_KEY_UIApplicationSceneManifest_Generation = YES;
				INFOPLIST_KEY_UIApplicationSupportsIndirectInputEvents = YES;
				INFOPLIST_KEY_UILaunchScreen_Generation = YES;
				INFOPLIST_KEY_UISupportedInterfaceOrientations_iPad = "UIInterfaceOrientationPortrait UIInterfaceOrientationPortraitUpsideDown UIInterfaceOrientationLandscapeLeft UIInterfaceOrientationLandscapeRight";
				INFOPLIST_KEY_UISupportedInterfaceOrientations_iPhone = "UIInterfaceOrientationPortrait UIInterfaceOrientationLandscapeLeft UIInterfaceOrientationLandscapeRight";
				LD_RUNPATH_SEARCH_PATHS = (
					"$(inherited)",
					"@executable_path/Frameworks",
				);
				MARKETING_VERSION = 1.0;
				PRODUCT_BUNDLE_IDENTIFIER = com.montalto.domenico.LetsCode;
				PRODUCT_NAME = "$(TARGET_NAME)";
				SWIFT_EMIT_LOC_STRINGS = YES;
				SWIFT_VERSION = 5.0;
				TARGETED_DEVICE_FAMILY = "1,2";
			};
			name = Debug;
		};
		D306F5E42ACBA167009EF5AB /* Release */ = {
			isa = XCBuildConfiguration;
			buildSettings = {
				ASSETCATALOG_COMPILER_APPICON_NAME = AppIcon;
				ASSETCATALOG_COMPILER_GLOBAL_ACCENT_COLOR_NAME = AccentColor;
				CODE_SIGN_STYLE = Automatic;
				CURRENT_PROJECT_VERSION = 1;
				DEVELOPMENT_ASSET_PATHS = "\"LetsCode/Preview Content\"";
				DEVELOPMENT_TEAM = A3PJCFNUAB;
				ENABLE_PREVIEWS = YES;
				GENERATE_INFOPLIST_FILE = YES;
				INFOPLIST_KEY_UIApplicationSceneManifest_Generation = YES;
				INFOPLIST_KEY_UIApplicationSupportsIndirectInputEvents = YES;
				INFOPLIST_KEY_UILaunchScreen_Generation = YES;
				INFOPLIST_KEY_UISupportedInterfaceOrientations_iPad = "UIInterfaceOrientationPortrait UIInterfaceOrientationPortraitUpsideDown UIInterfaceOrientationLandscapeLeft UIInterfaceOrientationLandscapeRight";
				INFOPLIST_KEY_UISupportedInterfaceOrientations_iPhone = "UIInterfaceOrientationPortrait UIInterfaceOrientationLandscapeLeft UIInterfaceOrientationLandscapeRight";
				LD_RUNPATH_SEARCH_PATHS = (
					"$(inherited)",
					"@executable_path/Frameworks",
				);
				MARKETING_VERSION = 1.0;
				PRODUCT_BUNDLE_IDENTIFIER = com.montalto.domenico.LetsCode;
				PRODUCT_NAME = "$(TARGET_NAME)";
				SWIFT_EMIT_LOC_STRINGS = YES;
				SWIFT_VERSION = 5.0;
				TARGETED_DEVICE_FAMILY = "1,2";
			};
			name = Release;
		};
/* End XCBuildConfiguration section */

/* Begin XCConfigurationList section */
		D306F5CF2ACBA165009EF5AB /* Build configuration list for PBXProject "LetsCode" */ = {
			isa = XCConfigurationList;
			buildConfigurations = (
				D306F5E02ACBA167009EF5AB /* Debug */,
				D306F5E12ACBA167009EF5AB /* Release */,
			);
			defaultConfigurationIsVisible = 0;
			defaultConfigurationName = Release;
		};
		D306F5E22ACBA167009EF5AB /* Build configuration list for PBXNativeTarget "LetsCode" */ = {
			isa = XCConfigurationList;
			buildConfigurations = (
				D306F5E32ACBA167009EF5AB /* Debug */,
				D306F5E42ACBA167009EF5AB /* Release */,
			);
			defaultConfigurationIsVisible = 0;
			defaultConfigurationName = Release;
		};
/* End XCConfigurationList section */
	};
	rootObject = D306F5CC2ACBA165009EF5AB /* Project object */;
}
